// !$*UTF8*$!
{
	archiveVersion = 1;
	classes = {
	};
	objectVersion = 46;
	objects = {

/* Begin PBXBuildFile section */
		9A1105541DF4622700C510D4 /* ConfirmationAnimatedView.swift in Sources */ = {isa = PBXBuildFile; fileRef = 9A1105531DF4622700C510D4 /* ConfirmationAnimatedView.swift */; };
		9A6CB3751E9CCC9E00C73C51 /* UIColor+RGB.swift in Sources */ = {isa = PBXBuildFile; fileRef = 9A6CB3741E9CCC9E00C73C51 /* UIColor+RGB.swift */; };
		9AD3F5CF1E11BADB008B6C3C /* Assets.xcassets in Resources */ = {isa = PBXBuildFile; fileRef = 9AD3F5CE1E11BADB008B6C3C /* Assets.xcassets */; };
		9AF9F1201D9E3F5B0048C6F9 /* AppDelegate.swift in Sources */ = {isa = PBXBuildFile; fileRef = 9AF9F11F1D9E3F5B0048C6F9 /* AppDelegate.swift */; };
		9AF9F1221D9E3F5B0048C6F9 /* ViewController.swift in Sources */ = {isa = PBXBuildFile; fileRef = 9AF9F1211D9E3F5B0048C6F9 /* ViewController.swift */; };
		9AF9F1251D9E3F5B0048C6F9 /* Main.storyboard in Resources */ = {isa = PBXBuildFile; fileRef = 9AF9F1231D9E3F5B0048C6F9 /* Main.storyboard */; };
		9AF9F12A1D9E3F5B0048C6F9 /* LaunchScreen.storyboard in Resources */ = {isa = PBXBuildFile; fileRef = 9AF9F1281D9E3F5B0048C6F9 /* LaunchScreen.storyboard */; };
		9AF9F1321D9E48940048C6F9 /* DotView.swift in Sources */ = {isa = PBXBuildFile; fileRef = 9AF9F1311D9E48940048C6F9 /* DotView.swift */; };
		B9944AE31E30715B002F38F0 /* AppAppearance.swift in Sources */ = {isa = PBXBuildFile; fileRef = B9944AE21E30715B002F38F0 /* AppAppearance.swift */; };
/* End PBXBuildFile section */

/* Begin PBXFileReference section */
		9A1105531DF4622700C510D4 /* ConfirmationAnimatedView.swift */ = {isa = PBXFileReference; fileEncoding = 4; lastKnownFileType = sourcecode.swift; path = ConfirmationAnimatedView.swift; sourceTree = "<group>"; };
		9A6CB3741E9CCC9E00C73C51 /* UIColor+RGB.swift */ = {isa = PBXFileReference; fileEncoding = 4; lastKnownFileType = sourcecode.swift; path = "UIColor+RGB.swift"; sourceTree = "<group>"; };
		9AD3F5CE1E11BADB008B6C3C /* Assets.xcassets */ = {isa = PBXFileReference; lastKnownFileType = folder.assetcatalog; path = Assets.xcassets; sourceTree = "<group>"; };
		9AF9F11C1D9E3F5B0048C6F9 /* DotsAnimation.app */ = {isa = PBXFileReference; explicitFileType = wrapper.application; includeInIndex = 0; path = DotsAnimation.app; sourceTree = BUILT_PRODUCTS_DIR; };
		9AF9F11F1D9E3F5B0048C6F9 /* AppDelegate.swift */ = {isa = PBXFileReference; lastKnownFileType = sourcecode.swift; path = AppDelegate.swift; sourceTree = "<group>"; };
		9AF9F1211D9E3F5B0048C6F9 /* ViewController.swift */ = {isa = PBXFileReference; lastKnownFileType = sourcecode.swift; path = ViewController.swift; sourceTree = "<group>"; };
		9AF9F1241D9E3F5B0048C6F9 /* Base */ = {isa = PBXFileReference; lastKnownFileType = file.storyboard; name = Base; path = Base.lproj/Main.storyboard; sourceTree = "<group>"; };
		9AF9F1291D9E3F5B0048C6F9 /* Base */ = {isa = PBXFileReference; lastKnownFileType = file.storyboard; name = Base; path = Base.lproj/LaunchScreen.storyboard; sourceTree = "<group>"; };
		9AF9F12B1D9E3F5B0048C6F9 /* Info.plist */ = {isa = PBXFileReference; lastKnownFileType = text.plist.xml; path = Info.plist; sourceTree = "<group>"; };
		9AF9F1311D9E48940048C6F9 /* DotView.swift */ = {isa = PBXFileReference; fileEncoding = 4; lastKnownFileType = sourcecode.swift; path = DotView.swift; sourceTree = "<group>"; };
		B9944AE21E30715B002F38F0 /* AppAppearance.swift */ = {isa = PBXFileReference; fileEncoding = 4; lastKnownFileType = sourcecode.swift; path = AppAppearance.swift; sourceTree = "<group>"; };
/* End PBXFileReference section */

/* Begin PBXFrameworksBuildPhase section */
		9AF9F1191D9E3F5B0048C6F9 /* Frameworks */ = {
			isa = PBXFrameworksBuildPhase;
			buildActionMask = 2147483647;
			files = (
			);
			runOnlyForDeploymentPostprocessing = 0;
		};
/* End PBXFrameworksBuildPhase section */

/* Begin PBXGroup section */
		9AF9F1131D9E3F5B0048C6F9 = {
			isa = PBXGroup;
			children = (
				9AF9F11E1D9E3F5B0048C6F9 /* DotsAnimation */,
				9AF9F11D1D9E3F5B0048C6F9 /* Products */,
			);
			sourceTree = "<group>";
		};
		9AF9F11D1D9E3F5B0048C6F9 /* Products */ = {
			isa = PBXGroup;
			children = (
				9AF9F11C1D9E3F5B0048C6F9 /* DotsAnimation.app */,
			);
			name = Products;
			sourceTree = "<group>";
		};
		9AF9F11E1D9E3F5B0048C6F9 /* DotsAnimation */ = {
			isa = PBXGroup;
			children = (
				9AF9F11F1D9E3F5B0048C6F9 /* AppDelegate.swift */,
				9AF9F1311D9E48940048C6F9 /* DotView.swift */,
				9A1105531DF4622700C510D4 /* ConfirmationAnimatedView.swift */,
				9AF9F1211D9E3F5B0048C6F9 /* ViewController.swift */,
				B9944AE21E30715B002F38F0 /* AppAppearance.swift */,
				9A6CB3741E9CCC9E00C73C51 /* UIColor+RGB.swift */,
				9AD3F5CE1E11BADB008B6C3C /* Assets.xcassets */,
				9AF9F1231D9E3F5B0048C6F9 /* Main.storyboard */,
				9AF9F1281D9E3F5B0048C6F9 /* LaunchScreen.storyboard */,
				9AF9F12B1D9E3F5B0048C6F9 /* Info.plist */,
			);
			path = DotsAnimation;
			sourceTree = "<group>";
		};
/* End PBXGroup section */

/* Begin PBXNativeTarget section */
		9AF9F11B1D9E3F5B0048C6F9 /* DotsAnimation */ = {
			isa = PBXNativeTarget;
			buildConfigurationList = 9AF9F12E1D9E3F5B0048C6F9 /* Build configuration list for PBXNativeTarget "DotsAnimation" */;
			buildPhases = (
				9AF9F1181D9E3F5B0048C6F9 /* Sources */,
				9AF9F1191D9E3F5B0048C6F9 /* Frameworks */,
				9AF9F11A1D9E3F5B0048C6F9 /* Resources */,
			);
			buildRules = (
			);
			dependencies = (
			);
			name = DotsAnimation;
			productName = DotsAnimation;
			productReference = 9AF9F11C1D9E3F5B0048C6F9 /* DotsAnimation.app */;
			productType = "com.apple.product-type.application";
		};
/* End PBXNativeTarget section */

/* Begin PBXProject section */
		9AF9F1141D9E3F5B0048C6F9 /* Project object */ = {
			isa = PBXProject;
			attributes = {
				LastSwiftUpdateCheck = 0800;
				LastUpgradeCheck = 0810;
				ORGANIZATIONNAME = "Olga Konoreva";
				TargetAttributes = {
					9AF9F11B1D9E3F5B0048C6F9 = {
						CreatedOnToolsVersion = 8.0;
						ProvisioningStyle = Automatic;
					};
				};
			};
			buildConfigurationList = 9AF9F1171D9E3F5B0048C6F9 /* Build configuration list for PBXProject "DotsAnimation" */;
			compatibilityVersion = "Xcode 3.2";
			developmentRegion = English;
			hasScannedForEncodings = 0;
			knownRegions = (
				en,
				Base,
			);
			mainGroup = 9AF9F1131D9E3F5B0048C6F9;
			productRefGroup = 9AF9F11D1D9E3F5B0048C6F9 /* Products */;
			projectDirPath = "";
			projectRoot = "";
			targets = (
				9AF9F11B1D9E3F5B0048C6F9 /* DotsAnimation */,
			);
		};
/* End PBXProject section */

/* Begin PBXResourcesBuildPhase section */
		9AF9F11A1D9E3F5B0048C6F9 /* Resources */ = {
			isa = PBXResourcesBuildPhase;
			buildActionMask = 2147483647;
			files = (
				9AF9F12A1D9E3F5B0048C6F9 /* LaunchScreen.storyboard in Resources */,
				9AD3F5CF1E11BADB008B6C3C /* Assets.xcassets in Resources */,
				9AF9F1251D9E3F5B0048C6F9 /* Main.storyboard in Resources */,
			);
			runOnlyForDeploymentPostprocessing = 0;
		};
/* End PBXResourcesBuildPhase section */

/* Begin PBXSourcesBuildPhase section */
		9AF9F1181D9E3F5B0048C6F9 /* Sources */ = {
			isa = PBXSourcesBuildPhase;
			buildActionMask = 2147483647;
			files = (
				9AF9F1221D9E3F5B0048C6F9 /* ViewController.swift in Sources */,
				9A6CB3751E9CCC9E00C73C51 /* UIColor+RGB.swift in Sources */,
				9A1105541DF4622700C510D4 /* ConfirmationAnimatedView.swift in Sources */,
				9AF9F1201D9E3F5B0048C6F9 /* AppDelegate.swift in Sources */,
				B9944AE31E30715B002F38F0 /* AppAppearance.swift in Sources */,
				9AF9F1321D9E48940048C6F9 /* DotView.swift in Sources */,
			);
			runOnlyForDeploymentPostprocessing = 0;
		};
/* End PBXSourcesBuildPhase section */

/* Begin PBXVariantGroup section */
		9AF9F1231D9E3F5B0048C6F9 /* Main.storyboard */ = {
			isa = PBXVariantGroup;
			children = (
				9AF9F1241D9E3F5B0048C6F9 /* Base */,
			);
			name = Main.storyboard;
			sourceTree = "<group>";
		};
		9AF9F1281D9E3F5B0048C6F9 /* LaunchScreen.storyboard */ = {
			isa = PBXVariantGroup;
			children = (
				9AF9F1291D9E3F5B0048C6F9 /* Base */,
			);
			name = LaunchScreen.storyboard;
			sourceTree = "<group>";
		};
/* End PBXVariantGroup section */

/* Begin XCBuildConfiguration section */
		9AF9F12C1D9E3F5B0048C6F9 /* Debug */ = {
			isa = XCBuildConfiguration;
			buildSettings = {
				ALWAYS_SEARCH_USER_PATHS = NO;
				CLANG_ANALYZER_NONNULL = YES;
				CLANG_CXX_LANGUAGE_STANDARD = "gnu++0x";
				CLANG_CXX_LIBRARY = "libc++";
				CLANG_ENABLE_MODULES = YES;
				CLANG_ENABLE_OBJC_ARC = YES;
				CLANG_WARN_BOOL_CONVERSION = YES;
				CLANG_WARN_CONSTANT_CONVERSION = YES;
				CLANG_WARN_DIRECT_OBJC_ISA_USAGE = YES_ERROR;
				CLANG_WARN_DOCUMENTATION_COMMENTS = YES;
				CLANG_WARN_EMPTY_BODY = YES;
				CLANG_WARN_ENUM_CONVERSION = YES;
				CLANG_WARN_INFINITE_RECURSION = YES;
				CLANG_WARN_INT_CONVERSION = YES;
				CLANG_WARN_OBJC_ROOT_CLASS = YES_ERROR;
				CLANG_WARN_SUSPICIOUS_MOVE = YES;
				CLANG_WARN_SUSPICIOUS_MOVES = YES;
				CLANG_WARN_UNREACHABLE_CODE = YES;
				CLANG_WARN__DUPLICATE_METHOD_MATCH = YES;
				"CODE_SIGN_IDENTITY[sdk=iphoneos*]" = "iPhone Developer";
				COPY_PHASE_STRIP = NO;
				DEBUG_INFORMATION_FORMAT = dwarf;
				ENABLE_STRICT_OBJC_MSGSEND = YES;
				ENABLE_TESTABILITY = YES;
				GCC_C_LANGUAGE_STANDARD = gnu99;
				GCC_DYNAMIC_NO_PIC = NO;
				GCC_NO_COMMON_BLOCKS = YES;
				GCC_OPTIMIZATION_LEVEL = 0;
				GCC_PREPROCESSOR_DEFINITIONS = (
					"DEBUG=1",
					"$(inherited)",
				);
				GCC_WARN_64_TO_32_BIT_CONVERSION = YES;
				GCC_WARN_ABOUT_RETURN_TYPE = YES_ERROR;
				GCC_WARN_UNDECLARED_SELECTOR = YES;
				GCC_WARN_UNINITIALIZED_AUTOS = YES_AGGRESSIVE;
				GCC_WARN_UNUSED_FUNCTION = YES;
				GCC_WARN_UNUSED_VARIABLE = YES;
				IPHONEOS_DEPLOYMENT_TARGET = 10.0;
				MTL_ENABLE_DEBUG_INFO = YES;
				ONLY_ACTIVE_ARCH = YES;
				SDKROOT = iphoneos;
				SWIFT_ACTIVE_COMPILATION_CONDITIONS = DEBUG;
				SWIFT_OPTIMIZATION_LEVEL = "-Onone";
			};
			name = Debug;
		};
		9AF9F12D1D9E3F5B0048C6F9 /* Release */ = {
			isa = XCBuildConfiguration;
			buildSettings = {
				ALWAYS_SEARCH_USER_PATHS = NO;
				CLANG_ANALYZER_NONNULL = YES;
				CLANG_CXX_LANGUAGE_STANDARD = "gnu++0x";
				CLANG_CXX_LIBRARY = "libc++";
				CLANG_ENABLE_MODULES = YES;
				CLANG_ENABLE_OBJC_ARC = YES;
				CLANG_WARN_BOOL_CONVERSION = YES;
				CLANG_WARN_CONSTANT_CONVERSION = YES;
				CLANG_WARN_DIRECT_OBJC_ISA_USAGE = YES_ERROR;
				CLANG_WARN_DOCUMENTATION_COMMENTS = YES;
				CLANG_WARN_EMPTY_BODY = YES;
				CLANG_WARN_ENUM_CONVERSION = YES;
				CLANG_WARN_INFINITE_RECURSION = YES;
				CLANG_WARN_INT_CONVERSION = YES;
				CLANG_WARN_OBJC_ROOT_CLASS = YES_ERROR;
				CLANG_WARN_SUSPICIOUS_MOVE = YES;
				CLANG_WARN_SUSPICIOUS_MOVES = YES;
				CLANG_WARN_UNREACHABLE_CODE = YES;
				CLANG_WARN__DUPLICATE_METHOD_MATCH = YES;
				"CODE_SIGN_IDENTITY[sdk=iphoneos*]" = "iPhone Developer";
				COPY_PHASE_STRIP = NO;
				DEBUG_INFORMATION_FORMAT = "dwarf-with-dsym";
				ENABLE_NS_ASSERTIONS = NO;
				ENABLE_STRICT_OBJC_MSGSEND = YES;
				GCC_C_LANGUAGE_STANDARD = gnu99;
				GCC_NO_COMMON_BLOCKS = YES;
				GCC_WARN_64_TO_32_BIT_CONVERSION = YES;
				GCC_WARN_ABOUT_RETURN_TYPE = YES_ERROR;
				GCC_WARN_UNDECLARED_SELECTOR = YES;
				GCC_WARN_UNINITIALIZED_AUTOS = YES_AGGRESSIVE;
				GCC_WARN_UNUSED_FUNCTION = YES;
				GCC_WARN_UNUSED_VARIABLE = YES;
				IPHONEOS_DEPLOYMENT_TARGET = 10.0;
				MTL_ENABLE_DEBUG_INFO = NO;
				SDKROOT = iphoneos;
				SWIFT_OPTIMIZATION_LEVEL = "-Owholemodule";
				VALIDATE_PRODUCT = YES;
			};
			name = Release;
		};
		9AF9F12F1D9E3F5B0048C6F9 /* Debug */ = {
			isa = XCBuildConfiguration;
			buildSettings = {
				ASSETCATALOG_COMPILER_APPICON_NAME = AppIcon;
				DEVELOPMENT_TEAM = "";
				INFOPLIST_FILE = DotsAnimation/Info.plist;
				IPHONEOS_DEPLOYMENT_TARGET = 10.0;
				LD_RUNPATH_SEARCH_PATHS = "$(inherited) @executable_path/Frameworks";
				PRODUCT_BUNDLE_IDENTIFIER = is.handsome.DotsAnimation;
				PRODUCT_NAME = "$(TARGET_NAME)";
				SWIFT_VERSION = 3.0;
			};
			name = Debug;
		};
		9AF9F1301D9E3F5B0048C6F9 /* Release */ = {
			isa = XCBuildConfiguration;
			buildSettings = {
				ASSETCATALOG_COMPILER_APPICON_NAME = AppIcon;
				DEVELOPMENT_TEAM = "";
				INFOPLIST_FILE = DotsAnimation/Info.plist;
				IPHONEOS_DEPLOYMENT_TARGET = 10.0;
				LD_RUNPATH_SEARCH_PATHS = "$(inherited) @executable_path/Frameworks";
				PRODUCT_BUNDLE_IDENTIFIER = is.handsome.DotsAnimation;
				PRODUCT_NAME = "$(TARGET_NAME)";
				SWIFT_VERSION = 3.0;
			};
			name = Release;
		};
/* End XCBuildConfiguration section */

/* Begin XCConfigurationList section */
		9AF9F1171D9E3F5B0048C6F9 /* Build configuration list for PBXProject "DotsAnimation" */ = {
			isa = XCConfigurationList;
			buildConfigurations = (
				9AF9F12C1D9E3F5B0048C6F9 /* Debug */,
				9AF9F12D1D9E3F5B0048C6F9 /* Release */,
			);
			defaultConfigurationIsVisible = 0;
			defaultConfigurationName = Release;
		};
		9AF9F12E1D9E3F5B0048C6F9 /* Build configuration list for PBXNativeTarget "DotsAnimation" */ = {
			isa = XCConfigurationList;
			buildConfigurations = (
				9AF9F12F1D9E3F5B0048C6F9 /* Debug */,
				9AF9F1301D9E3F5B0048C6F9 /* Release */,
			);
			defaultConfigurationIsVisible = 0;
			defaultConfigurationName = Release;
		};
/* End XCConfigurationList section */
	};
	rootObject = 9AF9F1141D9E3F5B0048C6F9 /* Project object */;
}
